
Microsoft Visual Studio Solution File, Format Version 12.00
# Visual Studio Version 16
VisualStudioVersion = 16.0.31613.86
MinimumVisualStudioVersion = 10.0.40219.1
Project("{FAE04EC0-301F-11D3-BF4B-00C04F79EFBC}") = "DataAccess", "DataAccess\DataAccess.csproj", "{3D2AB5DF-6DAA-431F-87DC-FC06B87DC8B8}"
EndProject
Project("{FAE04EC0-301F-11D3-BF4B-00C04F79EFBC}") = "Business", "Business\Business.csproj", "{66387507-85C1-409B-8FAE-4CBD58050893}"
EndProject
Project("{FAE04EC0-301F-11D3-BF4B-00C04F79EFBC}") = "Entities", "Entities\Entities.csproj", "{52252ACB-3478-4FA9-9B18-A02780B3A482}"
EndProject
Project("{FAE04EC0-301F-11D3-BF4B-00C04F79EFBC}") = "ConsoleUI", "ConsoleUI\ConsoleUI.csproj", "{63195848-FEFC-4CFD-A4B0-F5DA1E255E1E}"
EndProject
Global
	GlobalSection(SolutionConfigurationPlatforms) = preSolution
		Debug|Any CPU = Debug|Any CPU
		Release|Any CPU = Release|Any CPU
	EndGlobalSection
	GlobalSection(ProjectConfigurationPlatforms) = postSolution
		{3D2AB5DF-6DAA-431F-87DC-FC06B87DC8B8}.Debug|Any CPU.ActiveCfg = Debug|Any CPU
		{3D2AB5DF-6DAA-431F-87DC-FC06B87DC8B8}.Debug|Any CPU.Build.0 = Debug|Any CPU
		{3D2AB5DF-6DAA-431F-87DC-FC06B87DC8B8}.Release|Any CPU.ActiveCfg = Release|Any CPU
		{3D2AB5DF-6DAA-431F-87DC-FC06B87DC8B8}.Release|Any CPU.Build.0 = Release|Any CPU
		{66387507-85C1-409B-8FAE-4CBD58050893}.Debug|Any CPU.ActiveCfg = Debug|Any CPU
		{66387507-85C1-409B-8FAE-4CBD58050893}.Debug|Any CPU.Build.0 = Debug|Any CPU
		{66387507-85C1-409B-8FAE-4CBD58050893}.Release|Any CPU.ActiveCfg = Release|Any CPU
		{66387507-85C1-409B-8FAE-4CBD58050893}.Release|Any CPU.Build.0 = Release|Any CPU
		{52252ACB-3478-4FA9-9B18-A02780B3A482}.Debug|Any CPU.ActiveCfg = Debug|Any CPU
		{52252ACB-3478-4FA9-9B18-A02780B3A482}.Debug|Any CPU.Build.0 = Debug|Any CPU
		{52252ACB-3478-4FA9-9B18-A02780B3A482}.Release|Any CPU.ActiveCfg = Release|Any CPU
		{52252ACB-3478-4FA9-9B18-A02780B3A482}.Release|Any CPU.Build.0 = Release|Any CPU
		{63195848-FEFC-4CFD-A4B0-F5DA1E255E1E}.Debug|Any CPU.ActiveCfg = Debug|Any CPU
		{63195848-FEFC-4CFD-A4B0-F5DA1E255E1E}.Debug|Any CPU.Build.0 = Debug|Any CPU
		{63195848-FEFC-4CFD-A4B0-F5DA1E255E1E}.Release|Any CPU.ActiveCfg = Release|Any CPU
		{63195848-FEFC-4CFD-A4B0-F5DA1E255E1E}.Release|Any CPU.Build.0 = Release|Any CPU
	EndGlobalSection
	GlobalSection(SolutionProperties) = preSolution
		HideSolutionNode = FALSE
	EndGlobalSection
	GlobalSection(ExtensibilityGlobals) = postSolution
		SolutionGuid = {C9DFD27B-5CD6-4669-AA63-CCC22D44A6FE}
	EndGlobalSection
EndGlobal
